// !$*UTF8*$!
{
	archiveVersion = 1;
	classes = {
	};
	objectVersion = 46;
	objects = {

/* Begin PBXBuildFile section */
		BF1FCA8F1DB1F83F0035E2F1 /* AppDelegate.swift in Sources */ = {isa = PBXBuildFile; fileRef = BF1FCA8E1DB1F83F0035E2F1 /* AppDelegate.swift */; };
		BF1FCA911DB1F83F0035E2F1 /* ViewController.swift in Sources */ = {isa = PBXBuildFile; fileRef = BF1FCA901DB1F83F0035E2F1 /* ViewController.swift */; };
		BF1FCA941DB1F83F0035E2F1 /* Main.storyboard in Resources */ = {isa = PBXBuildFile; fileRef = BF1FCA921DB1F83F0035E2F1 /* Main.storyboard */; };
		BF1FCA961DB1F83F0035E2F1 /* Assets.xcassets in Resources */ = {isa = PBXBuildFile; fileRef = BF1FCA951DB1F83F0035E2F1 /* Assets.xcassets */; };
		BF1FCA991DB1F83F0035E2F1 /* LaunchScreen.storyboard in Resources */ = {isa = PBXBuildFile; fileRef = BF1FCA971DB1F83F0035E2F1 /* LaunchScreen.storyboard */; };
		BF1FCAA41DB1FA300035E2F1 /* Anywhere I Go.mp3 in Resources */ = {isa = PBXBuildFile; fileRef = BF1FCAA31DB1FA300035E2F1 /* Anywhere I Go.mp3 */; };
		BF22B28B1DB27EA400343693 /* Atinge.mp3 in Resources */ = {isa = PBXBuildFile; fileRef = BF22B28A1DB27EA400343693 /* Atinge.mp3 */; };
/* End PBXBuildFile section */

/* Begin PBXFileReference section */
		BF1FCA8B1DB1F83F0035E2F1 /* AppMusic.app */ = {isa = PBXFileReference; explicitFileType = wrapper.application; includeInIndex = 0; path = AppMusic.app; sourceTree = BUILT_PRODUCTS_DIR; };
		BF1FCA8E1DB1F83F0035E2F1 /* AppDelegate.swift */ = {isa = PBXFileReference; lastKnownFileType = sourcecode.swift; path = AppDelegate.swift; sourceTree = "<group>"; };
		BF1FCA901DB1F83F0035E2F1 /* ViewController.swift */ = {isa = PBXFileReference; lastKnownFileType = sourcecode.swift; path = ViewController.swift; sourceTree = "<group>"; };
		BF1FCA931DB1F83F0035E2F1 /* Base */ = {isa = PBXFileReference; lastKnownFileType = file.storyboard; name = Base; path = Base.lproj/Main.storyboard; sourceTree = "<group>"; };
		BF1FCA951DB1F83F0035E2F1 /* Assets.xcassets */ = {isa = PBXFileReference; lastKnownFileType = folder.assetcatalog; path = Assets.xcassets; sourceTree = "<group>"; };
		BF1FCA981DB1F83F0035E2F1 /* Base */ = {isa = PBXFileReference; lastKnownFileType = file.storyboard; name = Base; path = Base.lproj/LaunchScreen.storyboard; sourceTree = "<group>"; };
		BF1FCA9A1DB1F83F0035E2F1 /* Info.plist */ = {isa = PBXFileReference; lastKnownFileType = text.plist.xml; path = Info.plist; sourceTree = "<group>"; };
		BF1FCAA31DB1FA300035E2F1 /* Anywhere I Go.mp3 */ = {isa = PBXFileReference; lastKnownFileType = audio.mp3; name = "Anywhere I Go.mp3"; path = "../../../../../../../../Downloads/Anywhere I Go.mp3"; sourceTree = "<group>"; };
		BF22B28A1DB27EA400343693 /* Atinge.mp3 */ = {isa = PBXFileReference; lastKnownFileType = audio.mp3; path = Atinge.mp3; sourceTree = "<group>"; };
/* End PBXFileReference section */

/* Begin PBXFrameworksBuildPhase section */
		BF1FCA881DB1F83F0035E2F1 /* Frameworks */ = {
			isa = PBXFrameworksBuildPhase;
			buildActionMask = 2147483647;
			files = (
			);
			runOnlyForDeploymentPostprocessing = 0;
		};
/* End PBXFrameworksBuildPhase section */

/* Begin PBXGroup section */
		BF1FCA821DB1F83F0035E2F1 = {
			isa = PBXGroup;
			children = (
				BF1FCA8D1DB1F83F0035E2F1 /* AppMusic */,
				BF1FCA8C1DB1F83F0035E2F1 /* Products */,
			);
			sourceTree = "<group>";
		};
		BF1FCA8C1DB1F83F0035E2F1 /* Products */ = {
			isa = PBXGroup;
			children = (
				BF1FCA8B1DB1F83F0035E2F1 /* AppMusic.app */,
			);
			name = Products;
			sourceTree = "<group>";
		};
		BF1FCA8D1DB1F83F0035E2F1 /* AppMusic */ = {
			isa = PBXGroup;
			children = (
				BF1FCAA11DB1F9C30035E2F1 /* Resource */,
				BF1FCA8E1DB1F83F0035E2F1 /* AppDelegate.swift */,
				BF1FCA901DB1F83F0035E2F1 /* ViewController.swift */,
				BF1FCA921DB1F83F0035E2F1 /* Main.storyboard */,
				BF1FCA951DB1F83F0035E2F1 /* Assets.xcassets */,
				BF1FCA971DB1F83F0035E2F1 /* LaunchScreen.storyboard */,
				BF1FCA9A1DB1F83F0035E2F1 /* Info.plist */,
			);
			path = AppMusic;
			sourceTree = "<group>";
		};
		BF1FCAA11DB1F9C30035E2F1 /* Resource */ = {
			isa = PBXGroup;
			children = (
				BF1FCAA21DB1F9C30035E2F1 /* Music */,
			);
			path = Resource;
			sourceTree = "<group>";
		};
		BF1FCAA21DB1F9C30035E2F1 /* Music */ = {
			isa = PBXGroup;
			children = (
				BF1FCAA31DB1FA300035E2F1 /* Anywhere I Go.mp3 */,
				BF22B28A1DB27EA400343693 /* Atinge.mp3 */,
			);
			path = Music;
			sourceTree = "<group>";
		};
/* End PBXGroup section */

/* Begin PBXNativeTarget section */
		BF1FCA8A1DB1F83F0035E2F1 /* AppMusic */ = {
			isa = PBXNativeTarget;
			buildConfigurationList = BF1FCA9D1DB1F83F0035E2F1 /* Build configuration list for PBXNativeTarget "AppMusic" */;
			buildPhases = (
				BF1FCA871DB1F83F0035E2F1 /* Sources */,
				BF1FCA881DB1F83F0035E2F1 /* Frameworks */,
				BF1FCA891DB1F83F0035E2F1 /* Resources */,
			);
			buildRules = (
			);
			dependencies = (
			);
			name = AppMusic;
			productName = AppMusic;
			productReference = BF1FCA8B1DB1F83F0035E2F1 /* AppMusic.app */;
			productType = "com.apple.product-type.application";
		};
/* End PBXNativeTarget section */

/* Begin PBXProject section */
		BF1FCA831DB1F83F0035E2F1 /* Project object */ = {
			isa = PBXProject;
			attributes = {
				LastSwiftUpdateCheck = 0800;
				LastUpgradeCheck = 0800;
				ORGANIZATIONNAME = "Bao Nguyen";
				TargetAttributes = {
					BF1FCA8A1DB1F83F0035E2F1 = {
						CreatedOnToolsVersion = 8.0;
						DevelopmentTeam = 4X4ZDEX56P;
						ProvisioningStyle = Automatic;
					};
				};
			};
			buildConfigurationList = BF1FCA861DB1F83F0035E2F1 /* Build configuration list for PBXProject "AppMusic" */;
			compatibilityVersion = "Xcode 3.2";
			developmentRegion = English;
			hasScannedForEncodings = 0;
			knownRegions = (
				en,
				Base,
			);
			mainGroup = BF1FCA821DB1F83F0035E2F1;
			productRefGroup = BF1FCA8C1DB1F83F0035E2F1 /* Products */;
			projectDirPath = "";
			projectRoot = "";
			targets = (
				BF1FCA8A1DB1F83F0035E2F1 /* AppMusic */,
			);
		};
/* End PBXProject section */

/* Begin PBXResourcesBuildPhase section */
		BF1FCA891DB1F83F0035E2F1 /* Resources */ = {
			isa = PBXResourcesBuildPhase;
			buildActionMask = 2147483647;
			files = (
				BF1FCA991DB1F83F0035E2F1 /* LaunchScreen.storyboard in Resources */,
				BF1FCAA41DB1FA300035E2F1 /* Anywhere I Go.mp3 in Resources */,
				BF22B28B1DB27EA400343693 /* Atinge.mp3 in Resources */,
				BF1FCA961DB1F83F0035E2F1 /* Assets.xcassets in Resources */,
				BF1FCA941DB1F83F0035E2F1 /* Main.storyboard in Resources */,
			);
			runOnlyForDeploymentPostprocessing = 0;
		};
/* End PBXResourcesBuildPhase section */

/* Begin PBXSourcesBuildPhase section */
		BF1FCA871DB1F83F0035E2F1 /* Sources */ = {
			isa = PBXSourcesBuildPhase;
			buildActionMask = 2147483647;
			files = (
				BF1FCA911DB1F83F0035E2F1 /* ViewController.swift in Sources */,
				BF1FCA8F1DB1F83F0035E2F1 /* AppDelegate.swift in Sources */,
			);
			runOnlyForDeploymentPostprocessing = 0;
		};
/* End PBXSourcesBuildPhase section */

/* Begin PBXVariantGroup section */
		BF1FCA921DB1F83F0035E2F1 /* Main.storyboard */ = {
			isa = PBXVariantGroup;
			children = (
				BF1FCA931DB1F83F0035E2F1 /* Base */,
			);
			name = Main.storyboard;
			sourceTree = "<group>";
		};
		BF1FCA971DB1F83F0035E2F1 /* LaunchScreen.storyboard */ = {
			isa = PBXVariantGroup;
			children = (
				BF1FCA981DB1F83F0035E2F1 /* Base */,
			);
			name = LaunchScreen.storyboard;
			sourceTree = "<group>";
		};
/* End PBXVariantGroup section */

/* Begin XCBuildConfiguration section */
		BF1FCA9B1DB1F83F0035E2F1 /* Debug */ = {
			isa = XCBuildConfiguration;
			buildSettings = {
				ALWAYS_SEARCH_USER_PATHS = NO;
				CLANG_ANALYZER_NONNULL = YES;
				CLANG_CXX_LANGUAGE_STANDARD = "gnu++0x";
				CLANG_CXX_LIBRARY = "libc++";
				CLANG_ENABLE_MODULES = YES;
				CLANG_ENABLE_OBJC_ARC = YES;
				CLANG_WARN_BOOL_CONVERSION = YES;
				CLANG_WARN_CONSTANT_CONVERSION = YES;
				CLANG_WARN_DIRECT_OBJC_ISA_USAGE = YES_ERROR;
				CLANG_WARN_DOCUMENTATION_COMMENTS = YES;
				CLANG_WARN_EMPTY_BODY = YES;
				CLANG_WARN_ENUM_CONVERSION = YES;
				CLANG_WARN_INFINITE_RECURSION = YES;
				CLANG_WARN_INT_CONVERSION = YES;
				CLANG_WARN_OBJC_ROOT_CLASS = YES_ERROR;
				CLANG_WARN_SUSPICIOUS_MOVES = YES;
				CLANG_WARN_UNREACHABLE_CODE = YES;
				CLANG_WARN__DUPLICATE_METHOD_MATCH = YES;
				"CODE_SIGN_IDENTITY[sdk=iphoneos*]" = "iPhone Developer";
				COPY_PHASE_STRIP = NO;
				DEBUG_INFORMATION_FORMAT = dwarf;
				ENABLE_STRICT_OBJC_MSGSEND = YES;
				ENABLE_TESTABILITY = YES;
				GCC_C_LANGUAGE_STANDARD = gnu99;
				GCC_DYNAMIC_NO_PIC = NO;
				GCC_NO_COMMON_BLOCKS = YES;
				GCC_OPTIMIZATION_LEVEL = 0;
				GCC_PREPROCESSOR_DEFINITIONS = (
					"DEBUG=1",
					"$(inherited)",
				);
				GCC_WARN_64_TO_32_BIT_CONVERSION = YES;
				GCC_WARN_ABOUT_RETURN_TYPE = YES_ERROR;
				GCC_WARN_UNDECLARED_SELECTOR = YES;
				GCC_WARN_UNINITIALIZED_AUTOS = YES_AGGRESSIVE;
				GCC_WARN_UNUSED_FUNCTION = YES;
				GCC_WARN_UNUSED_VARIABLE = YES;
				IPHONEOS_DEPLOYMENT_TARGET = 10.0;
				MTL_ENABLE_DEBUG_INFO = YES;
				ONLY_ACTIVE_ARCH = YES;
				SDKROOT = iphoneos;
				SWIFT_ACTIVE_COMPILATION_CONDITIONS = DEBUG;
				SWIFT_OPTIMIZATION_LEVEL = "-Onone";
				TARGETED_DEVICE_FAMILY = "1,2";
			};
			name = Debug;
		};
		BF1FCA9C1DB1F83F0035E2F1 /* Release */ = {
			isa = XCBuildConfiguration;
			buildSettings = {
				ALWAYS_SEARCH_USER_PATHS = NO;
				CLANG_ANALYZER_NONNULL = YES;
				CLANG_CXX_LANGUAGE_STANDARD = "gnu++0x";
				CLANG_CXX_LIBRARY = "libc++";
				CLANG_ENABLE_MODULES = YES;
				CLANG_ENABLE_OBJC_ARC = YES;
				CLANG_WARN_BOOL_CONVERSION = YES;
				CLANG_WARN_CONSTANT_CONVERSION = YES;
				CLANG_WARN_DIRECT_OBJC_ISA_USAGE = YES_ERROR;
				CLANG_WARN_DOCUMENTATION_COMMENTS = YES;
				CLANG_WARN_EMPTY_BODY = YES;
				CLANG_WARN_ENUM_CONVERSION = YES;
				CLANG_WARN_INFINITE_RECURSION = YES;
				CLANG_WARN_INT_CONVERSION = YES;
				CLANG_WARN_OBJC_ROOT_CLASS = YES_ERROR;
				CLANG_WARN_SUSPICIOUS_MOVES = YES;
				CLANG_WARN_UNREACHABLE_CODE = YES;
				CLANG_WARN__DUPLICATE_METHOD_MATCH = YES;
				"CODE_SIGN_IDENTITY[sdk=iphoneos*]" = "iPhone Developer";
				COPY_PHASE_STRIP = NO;
				DEBUG_INFORMATION_FORMAT = "dwarf-with-dsym";
				ENABLE_NS_ASSERTIONS = NO;
				ENABLE_STRICT_OBJC_MSGSEND = YES;
				GCC_C_LANGUAGE_STANDARD = gnu99;
				GCC_NO_COMMON_BLOCKS = YES;
				GCC_WARN_64_TO_32_BIT_CONVERSION = YES;
				GCC_WARN_ABOUT_RETURN_TYPE = YES_ERROR;
				GCC_WARN_UNDECLARED_SELECTOR = YES;
				GCC_WARN_UNINITIALIZED_AUTOS = YES_AGGRESSIVE;
				GCC_WARN_UNUSED_FUNCTION = YES;
				GCC_WARN_UNUSED_VARIABLE = YES;
				IPHONEOS_DEPLOYMENT_TARGET = 10.0;
				MTL_ENABLE_DEBUG_INFO = NO;
				SDKROOT = iphoneos;
				SWIFT_OPTIMIZATION_LEVEL = "-Owholemodule";
				TARGETED_DEVICE_FAMILY = "1,2";
				VALIDATE_PRODUCT = YES;
			};
			name = Release;
		};
		BF1FCA9E1DB1F83F0035E2F1 /* Debug */ = {
			isa = XCBuildConfiguration;
			buildSettings = {
				ASSETCATALOG_COMPILER_APPICON_NAME = AppIcon;
				DEVELOPMENT_TEAM = 4X4ZDEX56P;
				INFOPLIST_FILE = AppMusic/Info.plist;
				IPHONEOS_DEPLOYMENT_TARGET = 8.0;
				LD_RUNPATH_SEARCH_PATHS = "$(inherited) @executable_path/Frameworks";
				PRODUCT_BUNDLE_IDENTIFIER = com.baon.AppMusic;
				PRODUCT_NAME = "$(TARGET_NAME)";
				SWIFT_VERSION = 3.0;
			};
			name = Debug;
		};
		BF1FCA9F1DB1F83F0035E2F1 /* Release */ = {
			isa = XCBuildConfiguration;
			buildSettings = {
				ASSETCATALOG_COMPILER_APPICON_NAME = AppIcon;
				DEVELOPMENT_TEAM = 4X4ZDEX56P;
				INFOPLIST_FILE = AppMusic/Info.plist;
				IPHONEOS_DEPLOYMENT_TARGET = 8.0;
				LD_RUNPATH_SEARCH_PATHS = "$(inherited) @executable_path/Frameworks";
				PRODUCT_BUNDLE_IDENTIFIER = com.baon.AppMusic;
				PRODUCT_NAME = "$(TARGET_NAME)";
				SWIFT_VERSION = 3.0;
			};
			name = Release;
		};
/* End XCBuildConfiguration section */

/* Begin XCConfigurationList section */
		BF1FCA861DB1F83F0035E2F1 /* Build configuration list for PBXProject "AppMusic" */ = {
			isa = XCConfigurationList;
			buildConfigurations = (
				BF1FCA9B1DB1F83F0035E2F1 /* Debug */,
				BF1FCA9C1DB1F83F0035E2F1 /* Release */,
			);
			defaultConfigurationIsVisible = 0;
			defaultConfigurationName = Release;
		};
		BF1FCA9D1DB1F83F0035E2F1 /* Build configuration list for PBXNativeTarget "AppMusic" */ = {
			isa = XCConfigurationList;
			buildConfigurations = (
				BF1FCA9E1DB1F83F0035E2F1 /* Debug */,
				BF1FCA9F1DB1F83F0035E2F1 /* Release */,
			);
			defaultConfigurationIsVisible = 0;
			defaultConfigurationName = Release;
		};
/* End XCConfigurationList section */
	};
	rootObject = BF1FCA831DB1F83F0035E2F1 /* Project object */;
}
